
Microsoft Visual Studio Solution File, Format Version 12.00
# Visual Studio Version 17
VisualStudioVersion = 17.8.34330.188
MinimumVisualStudioVersion = 10.0.40219.1
Project("{FAE04EC0-301F-11D3-BF4B-00C04F79EFBC}") = "BlogNet3", "BlogNet3\BlogNet3.csproj", "{6598BE80-2D46-4578-9870-517EC821C707}"
EndProject
Project("{FAE04EC0-301F-11D3-BF4B-00C04F79EFBC}") = "BlogDotNet8", "BlogDotNet8\BlogDotNet8.csproj", "{D621BCBC-000E-44C5-936E-423E5BDDE1DD}"
EndProject
Global
	GlobalSection(SolutionConfigurationPlatforms) = preSolution
		Debug|Any CPU = Debug|Any CPU
		Release|Any CPU = Release|Any CPU
	EndGlobalSection
	GlobalSection(ProjectConfigurationPlatforms) = postSolution
		{6598BE80-2D46-4578-9870-517EC821C707}.Debug|Any CPU.ActiveCfg = Debug|Any CPU
		{6598BE80-2D46-4578-9870-517EC821C707}.Debug|Any CPU.Build.0 = Debug|Any CPU
		{6598BE80-2D46-4578-9870-517EC821C707}.Release|Any CPU.ActiveCfg = Release|Any CPU
		{6598BE80-2D46-4578-9870-517EC821C707}.Release|Any CPU.Build.0 = Release|Any CPU
		{D621BCBC-000E-44C5-936E-423E5BDDE1DD}.Debug|Any CPU.ActiveCfg = Debug|Any CPU
		{D621BCBC-000E-44C5-936E-423E5BDDE1DD}.Debug|Any CPU.Build.0 = Debug|Any CPU
		{D621BCBC-000E-44C5-936E-423E5BDDE1DD}.Release|Any CPU.ActiveCfg = Release|Any CPU
		{D621BCBC-000E-44C5-936E-423E5BDDE1DD}.Release|Any CPU.Build.0 = Release|Any CPU
	EndGlobalSection
	GlobalSection(SolutionProperties) = preSolution
		HideSolutionNode = FALSE
	EndGlobalSection
	GlobalSection(ExtensibilityGlobals) = postSolution
		SolutionGuid = {F13F6740-9F58-4B73-9651-48ADF51C82A2}
	EndGlobalSection
EndGlobal
